
Microsoft Visual Studio Solution File, Format Version 12.00
# Visual Studio Version 17
VisualStudioVersion = 17.7.34018.315
MinimumVisualStudioVersion = 10.0.40219.1
Project("{8BC9CEB8-8B4A-11D0-8D11-00A0C91BC942}") = "Eval3DA", "Eval3DA.vcxproj", "{CB561FA1-B342-4BF5-B62D-4819F6879032}"
EndProject
Global
	GlobalSection(SolutionConfigurationPlatforms) = preSolution
		Debug|x64 = Debug|x64
		Debug|x86 = Debug|x86
		Release|x64 = Release|x64
		Release|x86 = Release|x86
	EndGlobalSection
	GlobalSection(ProjectConfigurationPlatforms) = postSolution
		{CB561FA1-B342-4BF5-B62D-4819F6879032}.Debug|x64.ActiveCfg = Debug|x64
		{CB561FA1-B342-4BF5-B62D-4819F6879032}.Debug|x64.Build.0 = Debug|x64
		{CB561FA1-B342-4BF5-B62D-4819F6879032}.Debug|x86.ActiveCfg = Debug|Win32
		{CB561FA1-B342-4BF5-B62D-4819F6879032}.Debug|x86.Build.0 = Debug|Win32
		{CB561FA1-B342-4BF5-B62D-4819F6879032}.Release|x64.ActiveCfg = Release|x64
		{CB561FA1-B342-4BF5-B62D-4819F6879032}.Release|x64.Build.0 = Release|x64
		{CB561FA1-B342-4BF5-B62D-4819F6879032}.Release|x86.ActiveCfg = Release|Win32
		{CB561FA1-B342-4BF5-B62D-4819F6879032}.Release|x86.Build.0 = Release|Win32
	EndGlobalSection
	GlobalSection(SolutionProperties) = preSolution
		HideSolutionNode = FALSE
	EndGlobalSection
	GlobalSection(ExtensibilityGlobals) = postSolution
		SolutionGuid = {CBBE7A50-C9FC-4179-9757-098D52AC4B4D}
	EndGlobalSection
EndGlobal
