
Microsoft Visual Studio Solution File, Format Version 12.00
# Visual Studio Version 17
VisualStudioVersion = 17.7.34018.315
MinimumVisualStudioVersion = 10.0.40219.1
Project("{8BC9CEB8-8B4A-11D0-8D11-00A0C91BC942}") = "MezclarListasEnlazadas", "MezclarListasEnlazadas.vcxproj", "{A3CF2E34-154F-4C0B-AD24-3EF865D9842C}"
EndProject
Global
	GlobalSection(SolutionConfigurationPlatforms) = preSolution
		Debug|x64 = Debug|x64
		Debug|x86 = Debug|x86
		Release|x64 = Release|x64
		Release|x86 = Release|x86
	EndGlobalSection
	GlobalSection(ProjectConfigurationPlatforms) = postSolution
		{A3CF2E34-154F-4C0B-AD24-3EF865D9842C}.Debug|x64.ActiveCfg = Debug|x64
		{A3CF2E34-154F-4C0B-AD24-3EF865D9842C}.Debug|x64.Build.0 = Debug|x64
		{A3CF2E34-154F-4C0B-AD24-3EF865D9842C}.Debug|x86.ActiveCfg = Debug|Win32
		{A3CF2E34-154F-4C0B-AD24-3EF865D9842C}.Debug|x86.Build.0 = Debug|Win32
		{A3CF2E34-154F-4C0B-AD24-3EF865D9842C}.Release|x64.ActiveCfg = Release|x64
		{A3CF2E34-154F-4C0B-AD24-3EF865D9842C}.Release|x64.Build.0 = Release|x64
		{A3CF2E34-154F-4C0B-AD24-3EF865D9842C}.Release|x86.ActiveCfg = Release|Win32
		{A3CF2E34-154F-4C0B-AD24-3EF865D9842C}.Release|x86.Build.0 = Release|Win32
	EndGlobalSection
	GlobalSection(SolutionProperties) = preSolution
		HideSolutionNode = FALSE
	EndGlobalSection
	GlobalSection(ExtensibilityGlobals) = postSolution
		SolutionGuid = {BCAC2069-894E-46FF-99B0-3976A81204D7}
	EndGlobalSection
EndGlobal
