
Microsoft Visual Studio Solution File, Format Version 12.00
# Visual Studio Version 17
VisualStudioVersion = 17.7.34018.315
MinimumVisualStudioVersion = 10.0.40219.1
Project("{8BC9CEB8-8B4A-11D0-8D11-00A0C91BC942}") = "NosVamosConcierto", "NosVamosConcierto.vcxproj", "{8B92A452-78A2-4FB5-A303-051835BA61AA}"
EndProject
Global
	GlobalSection(SolutionConfigurationPlatforms) = preSolution
		Debug|x64 = Debug|x64
		Debug|x86 = Debug|x86
		Release|x64 = Release|x64
		Release|x86 = Release|x86
	EndGlobalSection
	GlobalSection(ProjectConfigurationPlatforms) = postSolution
		{8B92A452-78A2-4FB5-A303-051835BA61AA}.Debug|x64.ActiveCfg = Debug|x64
		{8B92A452-78A2-4FB5-A303-051835BA61AA}.Debug|x64.Build.0 = Debug|x64
		{8B92A452-78A2-4FB5-A303-051835BA61AA}.Debug|x86.ActiveCfg = Debug|Win32
		{8B92A452-78A2-4FB5-A303-051835BA61AA}.Debug|x86.Build.0 = Debug|Win32
		{8B92A452-78A2-4FB5-A303-051835BA61AA}.Release|x64.ActiveCfg = Release|x64
		{8B92A452-78A2-4FB5-A303-051835BA61AA}.Release|x64.Build.0 = Release|x64
		{8B92A452-78A2-4FB5-A303-051835BA61AA}.Release|x86.ActiveCfg = Release|Win32
		{8B92A452-78A2-4FB5-A303-051835BA61AA}.Release|x86.Build.0 = Release|Win32
	EndGlobalSection
	GlobalSection(SolutionProperties) = preSolution
		HideSolutionNode = FALSE
	EndGlobalSection
	GlobalSection(ExtensibilityGlobals) = postSolution
		SolutionGuid = {5F1AC1CE-5A6A-4DBD-89EA-532B9CEE16B1}
	EndGlobalSection
EndGlobal
