
Microsoft Visual Studio Solution File, Format Version 12.00
# Visual Studio Version 17
VisualStudioVersion = 17.7.34018.315
MinimumVisualStudioVersion = 10.0.40219.1
Project("{8BC9CEB8-8B4A-11D0-8D11-00A0C91BC942}") = "Ej2Julio2021", "Ej2Julio2021.vcxproj", "{B8B14A78-D793-4BB4-93CE-C4B91E02739A}"
EndProject
Global
	GlobalSection(SolutionConfigurationPlatforms) = preSolution
		Debug|x64 = Debug|x64
		Debug|x86 = Debug|x86
		Release|x64 = Release|x64
		Release|x86 = Release|x86
	EndGlobalSection
	GlobalSection(ProjectConfigurationPlatforms) = postSolution
		{B8B14A78-D793-4BB4-93CE-C4B91E02739A}.Debug|x64.ActiveCfg = Debug|x64
		{B8B14A78-D793-4BB4-93CE-C4B91E02739A}.Debug|x64.Build.0 = Debug|x64
		{B8B14A78-D793-4BB4-93CE-C4B91E02739A}.Debug|x86.ActiveCfg = Debug|Win32
		{B8B14A78-D793-4BB4-93CE-C4B91E02739A}.Debug|x86.Build.0 = Debug|Win32
		{B8B14A78-D793-4BB4-93CE-C4B91E02739A}.Release|x64.ActiveCfg = Release|x64
		{B8B14A78-D793-4BB4-93CE-C4B91E02739A}.Release|x64.Build.0 = Release|x64
		{B8B14A78-D793-4BB4-93CE-C4B91E02739A}.Release|x86.ActiveCfg = Release|Win32
		{B8B14A78-D793-4BB4-93CE-C4B91E02739A}.Release|x86.Build.0 = Release|Win32
	EndGlobalSection
	GlobalSection(SolutionProperties) = preSolution
		HideSolutionNode = FALSE
	EndGlobalSection
	GlobalSection(ExtensibilityGlobals) = postSolution
		SolutionGuid = {9FDCE20E-9ECE-4557-B927-5143D263D2B1}
	EndGlobalSection
EndGlobal
